
Microsoft Visual Studio Solution File, Format Version 12.00
# Visual Studio Version 17
VisualStudioVersion = 17.0.31903.59
MinimumVisualStudioVersion = 10.0.40219.1
Project("{2150E333-8FDC-42A3-9474-1A3956D46DE8}") = "src", "src", "{827E0CD3-B72D-47B6-A68D-7590B98EB39B}"
EndProject
Project("{FAE04EC0-301F-11D3-BF4B-00C04F79EFBC}") = "RetreeCore", "src\RetreeCore\RetreeCore.csproj", "{1D11F9D2-3F8C-4957-B8F9-AD440216428A}"
EndProject
Project("{2150E333-8FDC-42A3-9474-1A3956D46DE8}") = "tests", "tests", "{0AB3BF05-4346-4AA6-1389-037BE0695223}"
EndProject
Project("{FAE04EC0-301F-11D3-BF4B-00C04F79EFBC}") = "RetreeCore.Tests", "tests\RetreeCore.Tests\RetreeCore.Tests.csproj", "{5B70C830-48D8-4769-8610-5EF86F86E340}"
EndProject
Project("{2150E333-8FDC-42A3-9474-1A3956D46DE8}") = "benchmarks", "benchmarks", "{66320409-64EC-F7C5-3DEF-65E7510DAAD1}"
EndProject
Project("{FAE04EC0-301F-11D3-BF4B-00C04F79EFBC}") = "RetreeCore.Benchmarks", "benchmarks\RetreeCore.Benchmarks\RetreeCore.Benchmarks.csproj", "{965B6E61-AD0A-496A-947B-D5F3AA85AB95}"
EndProject
Project("{FAE04EC0-301F-11D3-BF4B-00C04F79EFBC}") = "RetreeUnity", "src\RetreeUnity\RetreeUnity.csproj", "{6CEBEFC5-4169-4E1A-A62F-4D6708247DBE}"
EndProject
Project("{FAE04EC0-301F-11D3-BF4B-00C04F79EFBC}") = "RetreeUnityEditor", "src\RetreeUnity\RetreeUnityEditor.csproj", "{0357B814-7CA4-4A3F-82D3-160E9EBF5076}"
EndProject
Global
	GlobalSection(SolutionConfigurationPlatforms) = preSolution
		Debug|Any CPU = Debug|Any CPU
		Debug|x64 = Debug|x64
		Debug|x86 = Debug|x86
		Release|Any CPU = Release|Any CPU
		Release|x64 = Release|x64
		Release|x86 = Release|x86
	EndGlobalSection
	GlobalSection(ProjectConfigurationPlatforms) = postSolution
		{1D11F9D2-3F8C-4957-B8F9-AD440216428A}.Debug|Any CPU.ActiveCfg = Debug|Any CPU
		{1D11F9D2-3F8C-4957-B8F9-AD440216428A}.Debug|Any CPU.Build.0 = Debug|Any CPU
		{1D11F9D2-3F8C-4957-B8F9-AD440216428A}.Debug|x64.ActiveCfg = Debug|Any CPU
		{1D11F9D2-3F8C-4957-B8F9-AD440216428A}.Debug|x64.Build.0 = Debug|Any CPU
		{1D11F9D2-3F8C-4957-B8F9-AD440216428A}.Debug|x86.ActiveCfg = Debug|Any CPU
		{1D11F9D2-3F8C-4957-B8F9-AD440216428A}.Debug|x86.Build.0 = Debug|Any CPU
		{1D11F9D2-3F8C-4957-B8F9-AD440216428A}.Release|Any CPU.ActiveCfg = Release|Any CPU
		{1D11F9D2-3F8C-4957-B8F9-AD440216428A}.Release|Any CPU.Build.0 = Release|Any CPU
		{1D11F9D2-3F8C-4957-B8F9-AD440216428A}.Release|x64.ActiveCfg = Release|Any CPU
		{1D11F9D2-3F8C-4957-B8F9-AD440216428A}.Release|x64.Build.0 = Release|Any CPU
		{1D11F9D2-3F8C-4957-B8F9-AD440216428A}.Release|x86.ActiveCfg = Release|Any CPU
		{1D11F9D2-3F8C-4957-B8F9-AD440216428A}.Release|x86.Build.0 = Release|Any CPU
		{5B70C830-48D8-4769-8610-5EF86F86E340}.Debug|Any CPU.ActiveCfg = Debug|Any CPU
		{5B70C830-48D8-4769-8610-5EF86F86E340}.Debug|Any CPU.Build.0 = Debug|Any CPU
		{5B70C830-48D8-4769-8610-5EF86F86E340}.Debug|x64.ActiveCfg = Debug|Any CPU
		{5B70C830-48D8-4769-8610-5EF86F86E340}.Debug|x64.Build.0 = Debug|Any CPU
		{5B70C830-48D8-4769-8610-5EF86F86E340}.Debug|x86.ActiveCfg = Debug|Any CPU
		{5B70C830-48D8-4769-8610-5EF86F86E340}.Debug|x86.Build.0 = Debug|Any CPU
		{5B70C830-48D8-4769-8610-5EF86F86E340}.Release|Any CPU.ActiveCfg = Release|Any CPU
		{5B70C830-48D8-4769-8610-5EF86F86E340}.Release|Any CPU.Build.0 = Release|Any CPU
		{5B70C830-48D8-4769-8610-5EF86F86E340}.Release|x64.ActiveCfg = Release|Any CPU
		{5B70C830-48D8-4769-8610-5EF86F86E340}.Release|x64.Build.0 = Release|Any CPU
		{5B70C830-48D8-4769-8610-5EF86F86E340}.Release|x86.ActiveCfg = Release|Any CPU
		{5B70C830-48D8-4769-8610-5EF86F86E340}.Release|x86.Build.0 = Release|Any CPU
		{965B6E61-AD0A-496A-947B-D5F3AA85AB95}.Debug|Any CPU.ActiveCfg = Debug|Any CPU
		{965B6E61-AD0A-496A-947B-D5F3AA85AB95}.Debug|Any CPU.Build.0 = Debug|Any CPU
		{965B6E61-AD0A-496A-947B-D5F3AA85AB95}.Debug|x64.ActiveCfg = Debug|Any CPU
		{965B6E61-AD0A-496A-947B-D5F3AA85AB95}.Debug|x64.Build.0 = Debug|Any CPU
		{965B6E61-AD0A-496A-947B-D5F3AA85AB95}.Debug|x86.ActiveCfg = Debug|Any CPU
		{965B6E61-AD0A-496A-947B-D5F3AA85AB95}.Debug|x86.Build.0 = Debug|Any CPU
		{965B6E61-AD0A-496A-947B-D5F3AA85AB95}.Release|Any CPU.ActiveCfg = Release|Any CPU
		{965B6E61-AD0A-496A-947B-D5F3AA85AB95}.Release|Any CPU.Build.0 = Release|Any CPU
		{965B6E61-AD0A-496A-947B-D5F3AA85AB95}.Release|x64.ActiveCfg = Release|Any CPU
		{965B6E61-AD0A-496A-947B-D5F3AA85AB95}.Release|x64.Build.0 = Release|Any CPU
		{965B6E61-AD0A-496A-947B-D5F3AA85AB95}.Release|x86.ActiveCfg = Release|Any CPU
		{965B6E61-AD0A-496A-947B-D5F3AA85AB95}.Release|x86.Build.0 = Release|Any CPU
		{6CEBEFC5-4169-4E1A-A62F-4D6708247DBE}.Debug|Any CPU.ActiveCfg = Debug|Any CPU
		{6CEBEFC5-4169-4E1A-A62F-4D6708247DBE}.Debug|Any CPU.Build.0 = Debug|Any CPU
		{6CEBEFC5-4169-4E1A-A62F-4D6708247DBE}.Debug|x64.ActiveCfg = Debug|Any CPU
		{6CEBEFC5-4169-4E1A-A62F-4D6708247DBE}.Debug|x64.Build.0 = Debug|Any CPU
		{6CEBEFC5-4169-4E1A-A62F-4D6708247DBE}.Debug|x86.ActiveCfg = Debug|Any CPU
		{6CEBEFC5-4169-4E1A-A62F-4D6708247DBE}.Debug|x86.Build.0 = Debug|Any CPU
		{6CEBEFC5-4169-4E1A-A62F-4D6708247DBE}.Release|Any CPU.ActiveCfg = Release|Any CPU
		{6CEBEFC5-4169-4E1A-A62F-4D6708247DBE}.Release|Any CPU.Build.0 = Release|Any CPU
		{6CEBEFC5-4169-4E1A-A62F-4D6708247DBE}.Release|x64.ActiveCfg = Release|Any CPU
		{6CEBEFC5-4169-4E1A-A62F-4D6708247DBE}.Release|x64.Build.0 = Release|Any CPU
		{6CEBEFC5-4169-4E1A-A62F-4D6708247DBE}.Release|x86.ActiveCfg = Release|Any CPU
		{6CEBEFC5-4169-4E1A-A62F-4D6708247DBE}.Release|x86.Build.0 = Release|Any CPU
		{0357B814-7CA4-4A3F-82D3-160E9EBF5076}.Debug|Any CPU.ActiveCfg = Debug|Any CPU
		{0357B814-7CA4-4A3F-82D3-160E9EBF5076}.Debug|Any CPU.Build.0 = Debug|Any CPU
		{0357B814-7CA4-4A3F-82D3-160E9EBF5076}.Debug|x64.ActiveCfg = Debug|Any CPU
		{0357B814-7CA4-4A3F-82D3-160E9EBF5076}.Debug|x64.Build.0 = Debug|Any CPU
		{0357B814-7CA4-4A3F-82D3-160E9EBF5076}.Debug|x86.ActiveCfg = Debug|Any CPU
		{0357B814-7CA4-4A3F-82D3-160E9EBF5076}.Debug|x86.Build.0 = Debug|Any CPU
		{0357B814-7CA4-4A3F-82D3-160E9EBF5076}.Release|Any CPU.ActiveCfg = Release|Any CPU
		{0357B814-7CA4-4A3F-82D3-160E9EBF5076}.Release|Any CPU.Build.0 = Release|Any CPU
		{0357B814-7CA4-4A3F-82D3-160E9EBF5076}.Release|x64.ActiveCfg = Release|Any CPU
		{0357B814-7CA4-4A3F-82D3-160E9EBF5076}.Release|x64.Build.0 = Release|Any CPU
		{0357B814-7CA4-4A3F-82D3-160E9EBF5076}.Release|x86.ActiveCfg = Release|Any CPU
		{0357B814-7CA4-4A3F-82D3-160E9EBF5076}.Release|x86.Build.0 = Release|Any CPU
	EndGlobalSection
	GlobalSection(SolutionProperties) = preSolution
		HideSolutionNode = FALSE
	EndGlobalSection
	GlobalSection(NestedProjects) = preSolution
		{1D11F9D2-3F8C-4957-B8F9-AD440216428A} = {827E0CD3-B72D-47B6-A68D-7590B98EB39B}
		{5B70C830-48D8-4769-8610-5EF86F86E340} = {0AB3BF05-4346-4AA6-1389-037BE0695223}
		{965B6E61-AD0A-496A-947B-D5F3AA85AB95} = {66320409-64EC-F7C5-3DEF-65E7510DAAD1}
		{6CEBEFC5-4169-4E1A-A62F-4D6708247DBE} = {827E0CD3-B72D-47B6-A68D-7590B98EB39B}
		{0357B814-7CA4-4A3F-82D3-160E9EBF5076} = {827E0CD3-B72D-47B6-A68D-7590B98EB39B}
	EndGlobalSection
EndGlobal
